
Microsoft Visual Studio Solution File, Format Version 11.00
# Visual Studio 2010
Project("{FAE04EC0-301F-11D3-BF4B-00C04F79EFBC}") = "simpleFPS", "Assembly-CSharp-firstpass.csproj", "{5AC2BD98-A574-E140-8EA4-BC37998A75DB}"
EndProject
Project("{FAE04EC0-301F-11D3-BF4B-00C04F79EFBC}") = "simpleFPS", "Assembly-CSharp.csproj", "{0CC7175A-6ED9-C2F2-E817-817C6455BC70}"
EndProject
Project("{FAE04EC0-301F-11D3-BF4B-00C04F79EFBC}") = "simpleFPS", "Assembly-CSharp-Editor-firstpass.csproj", "{37299BB4-6A0E-3331-4DD4-6BC067B2B75F}"
EndProject
Global
	GlobalSection(SolutionConfigurationPlatforms) = preSolution
		Debug|Any CPU = Debug|Any CPU
		Release|Any CPU = Release|Any CPU
	EndGlobalSection
	GlobalSection(ProjectConfigurationPlatforms) = postSolution
		{5AC2BD98-A574-E140-8EA4-BC37998A75DB}.Debug|Any CPU.ActiveCfg = Debug|Any CPU
		{5AC2BD98-A574-E140-8EA4-BC37998A75DB}.Debug|Any CPU.Build.0 = Debug|Any CPU
		{5AC2BD98-A574-E140-8EA4-BC37998A75DB}.Release|Any CPU.ActiveCfg = Release|Any CPU
		{5AC2BD98-A574-E140-8EA4-BC37998A75DB}.Release|Any CPU.Build.0 = Release|Any CPU
		{0CC7175A-6ED9-C2F2-E817-817C6455BC70}.Debug|Any CPU.ActiveCfg = Debug|Any CPU
		{0CC7175A-6ED9-C2F2-E817-817C6455BC70}.Debug|Any CPU.Build.0 = Debug|Any CPU
		{0CC7175A-6ED9-C2F2-E817-817C6455BC70}.Release|Any CPU.ActiveCfg = Release|Any CPU
		{0CC7175A-6ED9-C2F2-E817-817C6455BC70}.Release|Any CPU.Build.0 = Release|Any CPU
		{37299BB4-6A0E-3331-4DD4-6BC067B2B75F}.Debug|Any CPU.ActiveCfg = Debug|Any CPU
		{37299BB4-6A0E-3331-4DD4-6BC067B2B75F}.Debug|Any CPU.Build.0 = Debug|Any CPU
		{37299BB4-6A0E-3331-4DD4-6BC067B2B75F}.Release|Any CPU.ActiveCfg = Release|Any CPU
		{37299BB4-6A0E-3331-4DD4-6BC067B2B75F}.Release|Any CPU.Build.0 = Release|Any CPU
	EndGlobalSection
	GlobalSection(SolutionProperties) = preSolution
		HideSolutionNode = FALSE
	EndGlobalSection
	GlobalSection(MonoDevelopProperties) = preSolution
		StartupItem = Assembly-CSharp.csproj
	EndGlobalSection
EndGlobal
